// !$*UTF8*$!
{
	archiveVersion = 1;
	classes = {
	};
	objectVersion = 56;
	objects = {

/* Begin PBXBuildFile section */
		B767666D2B03F6D200129850 /* ArjunKit.docc in Sources */ = {isa = PBXBuildFile; fileRef = B767666C2B03F6D200129850 /* ArjunKit.docc */; };
		B76766732B03F6D200129850 /* ArjunKit.framework in Frameworks */ = {isa = PBXBuildFile; fileRef = B76766682B03F6D200129850 /* ArjunKit.framework */; };
		B76766782B03F6D200129850 /* ArjunKitTests.swift in Sources */ = {isa = PBXBuildFile; fileRef = B76766772B03F6D200129850 /* ArjunKitTests.swift */; };
		B76766792B03F6D200129850 /* ArjunKit.h in Headers */ = {isa = PBXBuildFile; fileRef = B767666B2B03F6D200129850 /* ArjunKit.h */; settings = {ATTRIBUTES = (Public, ); }; };
		B76766832B03F70900129850 /* RakSdk.swift in Sources */ = {isa = PBXBuildFile; fileRef = B76766822B03F70900129850 /* RakSdk.swift */; };
/* End PBXBuildFile section */

/* Begin PBXContainerItemProxy section */
		B76766742B03F6D200129850 /* PBXContainerItemProxy */ = {
			isa = PBXContainerItemProxy;
			containerPortal = B767665F2B03F6D200129850 /* Project object */;
			proxyType = 1;
			remoteGlobalIDString = B76766672B03F6D200129850;
			remoteInfo = ArjunKit;
		};
/* End PBXContainerItemProxy section */

/* Begin PBXFileReference section */
		B76766682B03F6D200129850 /* ArjunKit.framework */ = {isa = PBXFileReference; explicitFileType = wrapper.framework; includeInIndex = 0; path = ArjunKit.framework; sourceTree = BUILT_PRODUCTS_DIR; };
		B767666B2B03F6D200129850 /* ArjunKit.h */ = {isa = PBXFileReference; lastKnownFileType = sourcecode.c.h; path = ArjunKit.h; sourceTree = "<group>"; };
		B767666C2B03F6D200129850 /* ArjunKit.docc */ = {isa = PBXFileReference; lastKnownFileType = folder.documentationcatalog; path = ArjunKit.docc; sourceTree = "<group>"; };
		B76766722B03F6D200129850 /* ArjunKitTests.xctest */ = {isa = PBXFileReference; explicitFileType = wrapper.cfbundle; includeInIndex = 0; path = ArjunKitTests.xctest; sourceTree = BUILT_PRODUCTS_DIR; };
		B76766772B03F6D200129850 /* ArjunKitTests.swift */ = {isa = PBXFileReference; lastKnownFileType = sourcecode.swift; path = ArjunKitTests.swift; sourceTree = "<group>"; };
		B76766822B03F70900129850 /* RakSdk.swift */ = {isa = PBXFileReference; lastKnownFileType = sourcecode.swift; path = RakSdk.swift; sourceTree = "<group>"; };
		B76766BB2B03F97B00129850 /* Accelerate.framework */ = {isa = PBXFileReference; lastKnownFileType = wrapper.framework; name = Accelerate.framework; path = Platforms/MacOSX.platform/Developer/SDKs/MacOSX13.1.sdk/System/Library/Frameworks/Accelerate.framework; sourceTree = DEVELOPER_DIR; };
/* End PBXFileReference section */

/* Begin PBXFrameworksBuildPhase section */
		B76766652B03F6D200129850 /* Frameworks */ = {
			isa = PBXFrameworksBuildPhase;
			buildActionMask = 2147483647;
			files = (
			);
			runOnlyForDeploymentPostprocessing = 0;
		};
		B767666F2B03F6D200129850 /* Frameworks */ = {
			isa = PBXFrameworksBuildPhase;
			buildActionMask = 2147483647;
			files = (
				B76766732B03F6D200129850 /* ArjunKit.framework in Frameworks */,
			);
			runOnlyForDeploymentPostprocessing = 0;
		};
/* End PBXFrameworksBuildPhase section */

/* Begin PBXGroup section */
		B767665E2B03F6D200129850 = {
			isa = PBXGroup;
			children = (
				B767666A2B03F6D200129850 /* ArjunKit */,
				B76766762B03F6D200129850 /* ArjunKitTests */,
				B76766692B03F6D200129850 /* Products */,
				B76766BA2B03F97A00129850 /* Frameworks */,
			);
			sourceTree = "<group>";
		};
		B76766692B03F6D200129850 /* Products */ = {
			isa = PBXGroup;
			children = (
				B76766682B03F6D200129850 /* ArjunKit.framework */,
				B76766722B03F6D200129850 /* ArjunKitTests.xctest */,
			);
			name = Products;
			sourceTree = "<group>";
		};
		B767666A2B03F6D200129850 /* ArjunKit */ = {
			isa = PBXGroup;
			children = (
				B767666B2B03F6D200129850 /* ArjunKit.h */,
				B767666C2B03F6D200129850 /* ArjunKit.docc */,
				B76766822B03F70900129850 /* RakSdk.swift */,
			);
			path = ArjunKit;
			sourceTree = "<group>";
		};
		B76766762B03F6D200129850 /* ArjunKitTests */ = {
			isa = PBXGroup;
			children = (
				B76766772B03F6D200129850 /* ArjunKitTests.swift */,
			);
			path = ArjunKitTests;
			sourceTree = "<group>";
		};
		B76766BA2B03F97A00129850 /* Frameworks */ = {
			isa = PBXGroup;
			children = (
				B76766BB2B03F97B00129850 /* Accelerate.framework */,
			);
			name = Frameworks;
			sourceTree = "<group>";
		};
/* End PBXGroup section */

/* Begin PBXHeadersBuildPhase section */
		B76766632B03F6D200129850 /* Headers */ = {
			isa = PBXHeadersBuildPhase;
			buildActionMask = 2147483647;
			files = (
				B76766792B03F6D200129850 /* ArjunKit.h in Headers */,
			);
			runOnlyForDeploymentPostprocessing = 0;
		};
/* End PBXHeadersBuildPhase section */

/* Begin PBXNativeTarget section */
		B76766672B03F6D200129850 /* ArjunKit */ = {
			isa = PBXNativeTarget;
			buildConfigurationList = B767667C2B03F6D200129850 /* Build configuration list for PBXNativeTarget "ArjunKit" */;
			buildPhases = (
				B76766632B03F6D200129850 /* Headers */,
				B76766642B03F6D200129850 /* Sources */,
				B76766652B03F6D200129850 /* Frameworks */,
				B76766662B03F6D200129850 /* Resources */,
			);
			buildRules = (
			);
			dependencies = (
			);
			name = ArjunKit;
			productName = ArjunKit;
			productReference = B76766682B03F6D200129850 /* ArjunKit.framework */;
			productType = "com.apple.product-type.framework";
		};
		B76766712B03F6D200129850 /* ArjunKitTests */ = {
			isa = PBXNativeTarget;
			buildConfigurationList = B767667F2B03F6D200129850 /* Build configuration list for PBXNativeTarget "ArjunKitTests" */;
			buildPhases = (
				B767666E2B03F6D200129850 /* Sources */,
				B767666F2B03F6D200129850 /* Frameworks */,
				B76766702B03F6D200129850 /* Resources */,
			);
			buildRules = (
			);
			dependencies = (
				B76766752B03F6D200129850 /* PBXTargetDependency */,
			);
			name = ArjunKitTests;
			productName = ArjunKitTests;
			productReference = B76766722B03F6D200129850 /* ArjunKitTests.xctest */;
			productType = "com.apple.product-type.bundle.unit-test";
		};
/* End PBXNativeTarget section */

/* Begin PBXProject section */
		B767665F2B03F6D200129850 /* Project object */ = {
			isa = PBXProject;
			attributes = {
				BuildIndependentTargetsInParallel = 1;
				LastSwiftUpdateCheck = 1420;
				LastUpgradeCheck = 1420;
				TargetAttributes = {
					B76766672B03F6D200129850 = {
						CreatedOnToolsVersion = 14.2;
					};
					B76766712B03F6D200129850 = {
						CreatedOnToolsVersion = 14.2;
					};
				};
			};
			buildConfigurationList = B76766622B03F6D200129850 /* Build configuration list for PBXProject "ArjunKit" */;
			compatibilityVersion = "Xcode 14.0";
			developmentRegion = en;
			hasScannedForEncodings = 0;
			knownRegions = (
				en,
				Base,
			);
			mainGroup = B767665E2B03F6D200129850;
			productRefGroup = B76766692B03F6D200129850 /* Products */;
			projectDirPath = "";
			projectRoot = "";
			targets = (
				B76766672B03F6D200129850 /* ArjunKit */,
				B76766712B03F6D200129850 /* ArjunKitTests */,
			);
		};
/* End PBXProject section */

/* Begin PBXResourcesBuildPhase section */
		B76766662B03F6D200129850 /* Resources */ = {
			isa = PBXResourcesBuildPhase;
			buildActionMask = 2147483647;
			files = (
			);
			runOnlyForDeploymentPostprocessing = 0;
		};
		B76766702B03F6D200129850 /* Resources */ = {
			isa = PBXResourcesBuildPhase;
			buildActionMask = 2147483647;
			files = (
			);
			runOnlyForDeploymentPostprocessing = 0;
		};
/* End PBXResourcesBuildPhase section */

/* Begin PBXSourcesBuildPhase section */
		B76766642B03F6D200129850 /* Sources */ = {
			isa = PBXSourcesBuildPhase;
			buildActionMask = 2147483647;
			files = (
				B767666D2B03F6D200129850 /* ArjunKit.docc in Sources */,
				B76766832B03F70900129850 /* RakSdk.swift in Sources */,
			);
			runOnlyForDeploymentPostprocessing = 0;
		};
		B767666E2B03F6D200129850 /* Sources */ = {
			isa = PBXSourcesBuildPhase;
			buildActionMask = 2147483647;
			files = (
				B76766782B03F6D200129850 /* ArjunKitTests.swift in Sources */,
			);
			runOnlyForDeploymentPostprocessing = 0;
		};
/* End PBXSourcesBuildPhase section */

/* Begin PBXTargetDependency section */
		B76766752B03F6D200129850 /* PBXTargetDependency */ = {
			isa = PBXTargetDependency;
			target = B76766672B03F6D200129850 /* ArjunKit */;
			targetProxy = B76766742B03F6D200129850 /* PBXContainerItemProxy */;
		};
/* End PBXTargetDependency section */

/* Begin XCBuildConfiguration section */
		B767667A2B03F6D200129850 /* Debug */ = {
			isa = XCBuildConfiguration;
			buildSettings = {
				ALWAYS_SEARCH_USER_PATHS = NO;
				CLANG_ANALYZER_NONNULL = YES;
				CLANG_ANALYZER_NUMBER_OBJECT_CONVERSION = YES_AGGRESSIVE;
				CLANG_CXX_LANGUAGE_STANDARD = "gnu++20";
				CLANG_ENABLE_MODULES = YES;
				CLANG_ENABLE_OBJC_ARC = YES;
				CLANG_ENABLE_OBJC_WEAK = YES;
				CLANG_WARN_BLOCK_CAPTURE_AUTORELEASING = YES;
				CLANG_WARN_BOOL_CONVERSION = YES;
				CLANG_WARN_COMMA = YES;
				CLANG_WARN_CONSTANT_CONVERSION = YES;
				CLANG_WARN_DEPRECATED_OBJC_IMPLEMENTATIONS = YES;
				CLANG_WARN_DIRECT_OBJC_ISA_USAGE = YES_ERROR;
				CLANG_WARN_DOCUMENTATION_COMMENTS = YES;
				CLANG_WARN_EMPTY_BODY = YES;
				CLANG_WARN_ENUM_CONVERSION = YES;
				CLANG_WARN_INFINITE_RECURSION = YES;
				CLANG_WARN_INT_CONVERSION = YES;
				CLANG_WARN_NON_LITERAL_NULL_CONVERSION = YES;
				CLANG_WARN_OBJC_IMPLICIT_RETAIN_SELF = YES;
				CLANG_WARN_OBJC_LITERAL_CONVERSION = YES;
				CLANG_WARN_OBJC_ROOT_CLASS = YES_ERROR;
				CLANG_WARN_QUOTED_INCLUDE_IN_FRAMEWORK_HEADER = YES;
				CLANG_WARN_RANGE_LOOP_ANALYSIS = YES;
				CLANG_WARN_STRICT_PROTOTYPES = YES;
				CLANG_WARN_SUSPICIOUS_MOVE = YES;
				CLANG_WARN_UNGUARDED_AVAILABILITY = YES_AGGRESSIVE;
				CLANG_WARN_UNREACHABLE_CODE = YES;
				CLANG_WARN__DUPLICATE_METHOD_MATCH = YES;
				COPY_PHASE_STRIP = NO;
				CURRENT_PROJECT_VERSION = 1;
				DEBUG_INFORMATION_FORMAT = dwarf;
				ENABLE_STRICT_OBJC_MSGSEND = YES;
				ENABLE_TESTABILITY = YES;
				GCC_C_LANGUAGE_STANDARD = gnu11;
				GCC_DYNAMIC_NO_PIC = NO;
				GCC_NO_COMMON_BLOCKS = YES;
				GCC_OPTIMIZATION_LEVEL = 0;
				GCC_PREPROCESSOR_DEFINITIONS = (
					"DEBUG=1",
					"$(inherited)",
				);
				GCC_WARN_64_TO_32_BIT_CONVERSION = YES;
				GCC_WARN_ABOUT_RETURN_TYPE = YES_ERROR;
				GCC_WARN_UNDECLARED_SELECTOR = YES;
				GCC_WARN_UNINITIALIZED_AUTOS = YES_AGGRESSIVE;
				GCC_WARN_UNUSED_FUNCTION = YES;
				GCC_WARN_UNUSED_VARIABLE = YES;
				IPHONEOS_DEPLOYMENT_TARGET = 16.2;
				MTL_ENABLE_DEBUG_INFO = INCLUDE_SOURCE;
				MTL_FAST_MATH = YES;
				ONLY_ACTIVE_ARCH = YES;
				SDKROOT = iphoneos;
				SWIFT_ACTIVE_COMPILATION_CONDITIONS = DEBUG;
				SWIFT_OPTIMIZATION_LEVEL = "-Onone";
				VERSIONING_SYSTEM = "apple-generic";
				VERSION_INFO_PREFIX = "";
			};
			name = Debug;
		};
		B767667B2B03F6D200129850 /* Release */ = {
			isa = XCBuildConfiguration;
			buildSettings = {
				ALWAYS_SEARCH_USER_PATHS = NO;
				CLANG_ANALYZER_NONNULL = YES;
				CLANG_ANALYZER_NUMBER_OBJECT_CONVERSION = YES_AGGRESSIVE;
				CLANG_CXX_LANGUAGE_STANDARD = "gnu++20";
				CLANG_ENABLE_MODULES = YES;
				CLANG_ENABLE_OBJC_ARC = YES;
				CLANG_ENABLE_OBJC_WEAK = YES;
				CLANG_WARN_BLOCK_CAPTURE_AUTORELEASING = YES;
				CLANG_WARN_BOOL_CONVERSION = YES;
				CLANG_WARN_COMMA = YES;
				CLANG_WARN_CONSTANT_CONVERSION = YES;
				CLANG_WARN_DEPRECATED_OBJC_IMPLEMENTATIONS = YES;
				CLANG_WARN_DIRECT_OBJC_ISA_USAGE = YES_ERROR;
				CLANG_WARN_DOCUMENTATION_COMMENTS = YES;
				CLANG_WARN_EMPTY_BODY = YES;
				CLANG_WARN_ENUM_CONVERSION = YES;
				CLANG_WARN_INFINITE_RECURSION = YES;
				CLANG_WARN_INT_CONVERSION = YES;
				CLANG_WARN_NON_LITERAL_NULL_CONVERSION = YES;
				CLANG_WARN_OBJC_IMPLICIT_RETAIN_SELF = YES;
				CLANG_WARN_OBJC_LITERAL_CONVERSION = YES;
				CLANG_WARN_OBJC_ROOT_CLASS = YES_ERROR;
				CLANG_WARN_QUOTED_INCLUDE_IN_FRAMEWORK_HEADER = YES;
				CLANG_WARN_RANGE_LOOP_ANALYSIS = YES;
				CLANG_WARN_STRICT_PROTOTYPES = YES;
				CLANG_WARN_SUSPICIOUS_MOVE = YES;
				CLANG_WARN_UNGUARDED_AVAILABILITY = YES_AGGRESSIVE;
				CLANG_WARN_UNREACHABLE_CODE = YES;
				CLANG_WARN__DUPLICATE_METHOD_MATCH = YES;
				COPY_PHASE_STRIP = NO;
				CURRENT_PROJECT_VERSION = 1;
				DEBUG_INFORMATION_FORMAT = "dwarf-with-dsym";
				ENABLE_NS_ASSERTIONS = NO;
				ENABLE_STRICT_OBJC_MSGSEND = YES;
				GCC_C_LANGUAGE_STANDARD = gnu11;
				GCC_NO_COMMON_BLOCKS = YES;
				GCC_WARN_64_TO_32_BIT_CONVERSION = YES;
				GCC_WARN_ABOUT_RETURN_TYPE = YES_ERROR;
				GCC_WARN_UNDECLARED_SELECTOR = YES;
				GCC_WARN_UNINITIALIZED_AUTOS = YES_AGGRESSIVE;
				GCC_WARN_UNUSED_FUNCTION = YES;
				GCC_WARN_UNUSED_VARIABLE = YES;
				IPHONEOS_DEPLOYMENT_TARGET = 16.2;
				MTL_ENABLE_DEBUG_INFO = NO;
				MTL_FAST_MATH = YES;
				SDKROOT = iphoneos;
				SWIFT_COMPILATION_MODE = wholemodule;
				SWIFT_OPTIMIZATION_LEVEL = "-O";
				VALIDATE_PRODUCT = YES;
				VERSIONING_SYSTEM = "apple-generic";
				VERSION_INFO_PREFIX = "";
			};
			name = Release;
		};
		B767667D2B03F6D200129850 /* Debug */ = {
			isa = XCBuildConfiguration;
			buildSettings = {
				CODE_SIGN_STYLE = Automatic;
				CURRENT_PROJECT_VERSION = 1;
				DEFINES_MODULE = YES;
				DYLIB_COMPATIBILITY_VERSION = 1;
				DYLIB_CURRENT_VERSION = 1;
				DYLIB_INSTALL_NAME_BASE = "@rpath";
				"EXCLUDED_ARCHS[sdk=iphonesimulator*]" = arm64;
				GENERATE_INFOPLIST_FILE = YES;
				INFOPLIST_KEY_NSHumanReadableCopyright = "";
				INSTALL_PATH = "$(LOCAL_LIBRARY_DIR)/Frameworks";
				LD_RUNPATH_SEARCH_PATHS = (
					"$(inherited)",
					"@executable_path/Frameworks",
					"@loader_path/Frameworks",
				);
				MARKETING_VERSION = 1.0;
				PRODUCT_BUNDLE_IDENTIFIER = rakbank.ae.ArjunKit;
				PRODUCT_NAME = "$(TARGET_NAME:c99extidentifier)";
				SKIP_INSTALL = YES;
				SUPPORTED_PLATFORMS = "iphoneos iphonesimulator";
				SUPPORTS_MACCATALYST = NO;
				SUPPORTS_MAC_DESIGNED_FOR_IPHONE_IPAD = NO;
				SWIFT_EMIT_LOC_STRINGS = YES;
				SWIFT_VERSION = 5.0;
				TARGETED_DEVICE_FAMILY = "1,2";
			};
			name = Debug;
		};
		B767667E2B03F6D200129850 /* Release */ = {
			isa = XCBuildConfiguration;
			buildSettings = {
				CODE_SIGN_STYLE = Automatic;
				CURRENT_PROJECT_VERSION = 1;
				DEFINES_MODULE = YES;
				DYLIB_COMPATIBILITY_VERSION = 1;
				DYLIB_CURRENT_VERSION = 1;
				DYLIB_INSTALL_NAME_BASE = "@rpath";
				GENERATE_INFOPLIST_FILE = YES;
				INFOPLIST_KEY_NSHumanReadableCopyright = "";
				INSTALL_PATH = "$(LOCAL_LIBRARY_DIR)/Frameworks";
				LD_RUNPATH_SEARCH_PATHS = (
					"$(inherited)",
					"@executable_path/Frameworks",
					"@loader_path/Frameworks",
				);
				MARKETING_VERSION = 1.0;
				PRODUCT_BUNDLE_IDENTIFIER = rakbank.ae.ArjunKit;
				PRODUCT_NAME = "$(TARGET_NAME:c99extidentifier)";
				SKIP_INSTALL = YES;
				SUPPORTED_PLATFORMS = "iphoneos iphonesimulator";
				SUPPORTS_MACCATALYST = NO;
				SUPPORTS_MAC_DESIGNED_FOR_IPHONE_IPAD = NO;
				SWIFT_EMIT_LOC_STRINGS = YES;
				SWIFT_VERSION = 5.0;
				TARGETED_DEVICE_FAMILY = "1,2";
			};
			name = Release;
		};
		B76766802B03F6D200129850 /* Debug */ = {
			isa = XCBuildConfiguration;
			buildSettings = {
				ALWAYS_EMBED_SWIFT_STANDARD_LIBRARIES = YES;
				CODE_SIGN_STYLE = Automatic;
				CURRENT_PROJECT_VERSION = 1;
				GENERATE_INFOPLIST_FILE = YES;
				MARKETING_VERSION = 1.0;
				PRODUCT_BUNDLE_IDENTIFIER = rakbank.ae.ArjunKitTests;
				PRODUCT_NAME = "$(TARGET_NAME)";
				SWIFT_EMIT_LOC_STRINGS = NO;
				SWIFT_VERSION = 5.0;
				TARGETED_DEVICE_FAMILY = "1,2";
			};
			name = Debug;
		};
		B76766812B03F6D200129850 /* Release */ = {
			isa = XCBuildConfiguration;
			buildSettings = {
				ALWAYS_EMBED_SWIFT_STANDARD_LIBRARIES = YES;
				CODE_SIGN_STYLE = Automatic;
				CURRENT_PROJECT_VERSION = 1;
				GENERATE_INFOPLIST_FILE = YES;
				MARKETING_VERSION = 1.0;
				PRODUCT_BUNDLE_IDENTIFIER = rakbank.ae.ArjunKitTests;
				PRODUCT_NAME = "$(TARGET_NAME)";
				SWIFT_EMIT_LOC_STRINGS = NO;
				SWIFT_VERSION = 5.0;
				TARGETED_DEVICE_FAMILY = "1,2";
			};
			name = Release;
		};
/* End XCBuildConfiguration section */

/* Begin XCConfigurationList section */
		B76766622B03F6D200129850 /* Build configuration list for PBXProject "ArjunKit" */ = {
			isa = XCConfigurationList;
			buildConfigurations = (
				B767667A2B03F6D200129850 /* Debug */,
				B767667B2B03F6D200129850 /* Release */,
			);
			defaultConfigurationIsVisible = 0;
			defaultConfigurationName = Release;
		};
		B767667C2B03F6D200129850 /* Build configuration list for PBXNativeTarget "ArjunKit" */ = {
			isa = XCConfigurationList;
			buildConfigurations = (
				B767667D2B03F6D200129850 /* Debug */,
				B767667E2B03F6D200129850 /* Release */,
			);
			defaultConfigurationIsVisible = 0;
			defaultConfigurationName = Release;
		};
		B767667F2B03F6D200129850 /* Build configuration list for PBXNativeTarget "ArjunKitTests" */ = {
			isa = XCConfigurationList;
			buildConfigurations = (
				B76766802B03F6D200129850 /* Debug */,
				B76766812B03F6D200129850 /* Release */,
			);
			defaultConfigurationIsVisible = 0;
			defaultConfigurationName = Release;
		};
/* End XCConfigurationList section */
	};
	rootObject = B767665F2B03F6D200129850 /* Project object */;
}
